// !$*UTF8*$!
{
	archiveVersion = 1;
	classes = {
	};
	objectVersion = 46;
	objects = {

/* Begin PBXBuildFile section */
		A59E3DEA1570E6F7005E05CA /* UIKit.framework in Frameworks */ = {isa = PBXBuildFile; fileRef = A59E3DE91570E6F7005E05CA /* UIKit.framework */; };
		A59E3DEC1570E6F7005E05CA /* Foundation.framework in Frameworks */ = {isa = PBXBuildFile; fileRef = A59E3DEB1570E6F7005E05CA /* Foundation.framework */; };
		A59E3DEE1570E6F7005E05CA /* CoreGraphics.framework in Frameworks */ = {isa = PBXBuildFile; fileRef = A59E3DED1570E6F7005E05CA /* CoreGraphics.framework */; };
		A59E3DF41570E6F7005E05CA /* InfoPlist.strings in Resources */ = {isa = PBXBuildFile; fileRef = A59E3DF21570E6F7005E05CA /* InfoPlist.strings */; };
		A59E3DF61570E6F7005E05CA /* main.m in Sources */ = {isa = PBXBuildFile; fileRef = A59E3DF51570E6F7005E05CA /* main.m */; };
		A59E3DFA1570E6F7005E05CA /* AppDelegate.m in Sources */ = {isa = PBXBuildFile; fileRef = A59E3DF91570E6F7005E05CA /* AppDelegate.m */; };
		A59E3DFD1570E6F7005E05CA /* ViewController.m in Sources */ = {isa = PBXBuildFile; fileRef = A59E3DFC1570E6F7005E05CA /* ViewController.m */; };
		A59E3E001570E6F7005E05CA /* ViewController_iPhone.xib in Resources */ = {isa = PBXBuildFile; fileRef = A59E3DFE1570E6F7005E05CA /* ViewController_iPhone.xib */; };
		A59E3E031570E6F7005E05CA /* ViewController_iPad.xib in Resources */ = {isa = PBXBuildFile; fileRef = A59E3E011570E6F7005E05CA /* ViewController_iPad.xib */; };
		A59E3E0B1570E6F8005E05CA /* SenTestingKit.framework in Frameworks */ = {isa = PBXBuildFile; fileRef = A59E3E0A1570E6F8005E05CA /* SenTestingKit.framework */; };
		A59E3E0C1570E6F8005E05CA /* UIKit.framework in Frameworks */ = {isa = PBXBuildFile; fileRef = A59E3DE91570E6F7005E05CA /* UIKit.framework */; };
		A59E3E0D1570E6F8005E05CA /* Foundation.framework in Frameworks */ = {isa = PBXBuildFile; fileRef = A59E3DEB1570E6F7005E05CA /* Foundation.framework */; };
		A59E3E151570E6F8005E05CA /* InfoPlist.strings in Resources */ = {isa = PBXBuildFile; fileRef = A59E3E131570E6F8005E05CA /* InfoPlist.strings */; };
		A59E3E181570E6F8005E05CA /* WobbliesTests.m in Sources */ = {isa = PBXBuildFile; fileRef = A59E3E171570E6F8005E05CA /* WobbliesTests.m */; };
/* End PBXBuildFile section */

/* Begin PBXContainerItemProxy section */
		A59E3E0E1570E6F8005E05CA /* PBXContainerItemProxy */ = {
			isa = PBXContainerItemProxy;
			containerPortal = A59E3DDC1570E6F7005E05CA /* Project object */;
			proxyType = 1;
			remoteGlobalIDString = A59E3DE41570E6F7005E05CA;
			remoteInfo = Wobblies;
		};
/* End PBXContainerItemProxy section */

/* Begin PBXFileReference section */
		A59E3DE51570E6F7005E05CA /* Wobblies.app */ = {isa = PBXFileReference; explicitFileType = wrapper.application; includeInIndex = 0; path = Wobblies.app; sourceTree = BUILT_PRODUCTS_DIR; };
		A59E3DE91570E6F7005E05CA /* UIKit.framework */ = {isa = PBXFileReference; lastKnownFileType = wrapper.framework; name = UIKit.framework; path = System/Library/Frameworks/UIKit.framework; sourceTree = SDKROOT; };
		A59E3DEB1570E6F7005E05CA /* Foundation.framework */ = {isa = PBXFileReference; lastKnownFileType = wrapper.framework; name = Foundation.framework; path = System/Library/Frameworks/Foundation.framework; sourceTree = SDKROOT; };
		A59E3DED1570E6F7005E05CA /* CoreGraphics.framework */ = {isa = PBXFileReference; lastKnownFileType = wrapper.framework; name = CoreGraphics.framework; path = System/Library/Frameworks/CoreGraphics.framework; sourceTree = SDKROOT; };
		A59E3DF11570E6F7005E05CA /* Wobblies-Info.plist */ = {isa = PBXFileReference; lastKnownFileType = text.plist.xml; path = "Wobblies-Info.plist"; sourceTree = "<group>"; };
		A59E3DF31570E6F7005E05CA /* en */ = {isa = PBXFileReference; lastKnownFileType = text.plist.strings; name = en; path = en.lproj/InfoPlist.strings; sourceTree = "<group>"; };
		A59E3DF51570E6F7005E05CA /* main.m */ = {isa = PBXFileReference; lastKnownFileType = sourcecode.c.objc; path = main.m; sourceTree = "<group>"; };
		A59E3DF71570E6F7005E05CA /* Wobblies-Prefix.pch */ = {isa = PBXFileReference; lastKnownFileType = sourcecode.c.h; path = "Wobblies-Prefix.pch"; sourceTree = "<group>"; };
		A59E3DF81570E6F7005E05CA /* AppDelegate.h */ = {isa = PBXFileReference; lastKnownFileType = sourcecode.c.h; path = AppDelegate.h; sourceTree = "<group>"; };
		A59E3DF91570E6F7005E05CA /* AppDelegate.m */ = {isa = PBXFileReference; lastKnownFileType = sourcecode.c.objc; path = AppDelegate.m; sourceTree = "<group>"; };
		A59E3DFB1570E6F7005E05CA /* ViewController.h */ = {isa = PBXFileReference; lastKnownFileType = sourcecode.c.h; path = ViewController.h; sourceTree = "<group>"; };
		A59E3DFC1570E6F7005E05CA /* ViewController.m */ = {isa = PBXFileReference; lastKnownFileType = sourcecode.c.objc; path = ViewController.m; sourceTree = "<group>"; };
		A59E3DFF1570E6F7005E05CA /* en */ = {isa = PBXFileReference; lastKnownFileType = file.xib; name = en; path = en.lproj/ViewController_iPhone.xib; sourceTree = "<group>"; };
		A59E3E021570E6F7005E05CA /* en */ = {isa = PBXFileReference; lastKnownFileType = file.xib; name = en; path = en.lproj/ViewController_iPad.xib; sourceTree = "<group>"; };
		A59E3E091570E6F8005E05CA /* WobbliesTests.octest */ = {isa = PBXFileReference; explicitFileType = wrapper.cfbundle; includeInIndex = 0; path = WobbliesTests.octest; sourceTree = BUILT_PRODUCTS_DIR; };
		A59E3E0A1570E6F8005E05CA /* SenTestingKit.framework */ = {isa = PBXFileReference; lastKnownFileType = wrapper.framework; name = SenTestingKit.framework; path = Library/Frameworks/SenTestingKit.framework; sourceTree = DEVELOPER_DIR; };
		A59E3E121570E6F8005E05CA /* WobbliesTests-Info.plist */ = {isa = PBXFileReference; lastKnownFileType = text.plist.xml; path = "WobbliesTests-Info.plist"; sourceTree = "<group>"; };
		A59E3E141570E6F8005E05CA /* en */ = {isa = PBXFileReference; lastKnownFileType = text.plist.strings; name = en; path = en.lproj/InfoPlist.strings; sourceTree = "<group>"; };
		A59E3E161570E6F8005E05CA /* WobbliesTests.h */ = {isa = PBXFileReference; lastKnownFileType = sourcecode.c.h; path = WobbliesTests.h; sourceTree = "<group>"; };
		A59E3E171570E6F8005E05CA /* WobbliesTests.m */ = {isa = PBXFileReference; lastKnownFileType = sourcecode.c.objc; path = WobbliesTests.m; sourceTree = "<group>"; };
/* End PBXFileReference section */

/* Begin PBXFrameworksBuildPhase section */
		A59E3DE21570E6F7005E05CA /* Frameworks */ = {
			isa = PBXFrameworksBuildPhase;
			buildActionMask = 2147483647;
			files = (
				A59E3DEA1570E6F7005E05CA /* UIKit.framework in Frameworks */,
				A59E3DEC1570E6F7005E05CA /* Foundation.framework in Frameworks */,
				A59E3DEE1570E6F7005E05CA /* CoreGraphics.framework in Frameworks */,
			);
			runOnlyForDeploymentPostprocessing = 0;
		};
		A59E3E051570E6F8005E05CA /* Frameworks */ = {
			isa = PBXFrameworksBuildPhase;
			buildActionMask = 2147483647;
			files = (
				A59E3E0B1570E6F8005E05CA /* SenTestingKit.framework in Frameworks */,
				A59E3E0C1570E6F8005E05CA /* UIKit.framework in Frameworks */,
				A59E3E0D1570E6F8005E05CA /* Foundation.framework in Frameworks */,
			);
			runOnlyForDeploymentPostprocessing = 0;
		};
/* End PBXFrameworksBuildPhase section */

/* Begin PBXGroup section */
		A59E3DDA1570E6F7005E05CA = {
			isa = PBXGroup;
			children = (
				A59E3DEF1570E6F7005E05CA /* Wobblies */,
				A59E3E101570E6F8005E05CA /* WobbliesTests */,
				A59E3DE81570E6F7005E05CA /* Frameworks */,
				A59E3DE61570E6F7005E05CA /* Products */,
			);
			sourceTree = "<group>";
		};
		A59E3DE61570E6F7005E05CA /* Products */ = {
			isa = PBXGroup;
			children = (
				A59E3DE51570E6F7005E05CA /* Wobblies.app */,
				A59E3E091570E6F8005E05CA /* WobbliesTests.octest */,
			);
			name = Products;
			sourceTree = "<group>";
		};
		A59E3DE81570E6F7005E05CA /* Frameworks */ = {
			isa = PBXGroup;
			children = (
				A59E3DE91570E6F7005E05CA /* UIKit.framework */,
				A59E3DEB1570E6F7005E05CA /* Foundation.framework */,
				A59E3DED1570E6F7005E05CA /* CoreGraphics.framework */,
				A59E3E0A1570E6F8005E05CA /* SenTestingKit.framework */,
			);
			name = Frameworks;
			sourceTree = "<group>";
		};
		A59E3DEF1570E6F7005E05CA /* Wobblies */ = {
			isa = PBXGroup;
			children = (
				A59E3DF81570E6F7005E05CA /* AppDelegate.h */,
				A59E3DF91570E6F7005E05CA /* AppDelegate.m */,
				A59E3DFB1570E6F7005E05CA /* ViewController.h */,
				A59E3DFC1570E6F7005E05CA /* ViewController.m */,
				A59E3DFE1570E6F7005E05CA /* ViewController_iPhone.xib */,
				A59E3E011570E6F7005E05CA /* ViewController_iPad.xib */,
				A59E3DF01570E6F7005E05CA /* Supporting Files */,
			);
			path = Wobblies;
			sourceTree = "<group>";
		};
		A59E3DF01570E6F7005E05CA /* Supporting Files */ = {
			isa = PBXGroup;
			children = (
				A59E3DF11570E6F7005E05CA /* Wobblies-Info.plist */,
				A59E3DF21570E6F7005E05CA /* InfoPlist.strings */,
				A59E3DF51570E6F7005E05CA /* main.m */,
				A59E3DF71570E6F7005E05CA /* Wobblies-Prefix.pch */,
			);
			name = "Supporting Files";
			sourceTree = "<group>";
		};
		A59E3E101570E6F8005E05CA /* WobbliesTests */ = {
			isa = PBXGroup;
			children = (
				A59E3E161570E6F8005E05CA /* WobbliesTests.h */,
				A59E3E171570E6F8005E05CA /* WobbliesTests.m */,
				A59E3E111570E6F8005E05CA /* Supporting Files */,
			);
			path = WobbliesTests;
			sourceTree = "<group>";
		};
		A59E3E111570E6F8005E05CA /* Supporting Files */ = {
			isa = PBXGroup;
			children = (
				A59E3E121570E6F8005E05CA /* WobbliesTests-Info.plist */,
				A59E3E131570E6F8005E05CA /* InfoPlist.strings */,
			);
			name = "Supporting Files";
			sourceTree = "<group>";
		};
/* End PBXGroup section */

/* Begin PBXNativeTarget section */
		A59E3DE41570E6F7005E05CA /* Wobblies */ = {
			isa = PBXNativeTarget;
			buildConfigurationList = A59E3E1B1570E6F8005E05CA /* Build configuration list for PBXNativeTarget "Wobblies" */;
			buildPhases = (
				A59E3DE11570E6F7005E05CA /* Sources */,
				A59E3DE21570E6F7005E05CA /* Frameworks */,
				A59E3DE31570E6F7005E05CA /* Resources */,
			);
			buildRules = (
			);
			dependencies = (
			);
			name = Wobblies;
			productName = Wobblies;
			productReference = A59E3DE51570E6F7005E05CA /* Wobblies.app */;
			productType = "com.apple.product-type.application";
		};
		A59E3E081570E6F8005E05CA /* WobbliesTests */ = {
			isa = PBXNativeTarget;
			buildConfigurationList = A59E3E1E1570E6F8005E05CA /* Build configuration list for PBXNativeTarget "WobbliesTests" */;
			buildPhases = (
				A59E3E041570E6F8005E05CA /* Sources */,
				A59E3E051570E6F8005E05CA /* Frameworks */,
				A59E3E061570E6F8005E05CA /* Resources */,
				A59E3E071570E6F8005E05CA /* ShellScript */,
			);
			buildRules = (
			);
			dependencies = (
				A59E3E0F1570E6F8005E05CA /* PBXTargetDependency */,
			);
			name = WobbliesTests;
			productName = WobbliesTests;
			productReference = A59E3E091570E6F8005E05CA /* WobbliesTests.octest */;
			productType = "com.apple.product-type.bundle";
		};
/* End PBXNativeTarget section */

/* Begin PBXProject section */
		A59E3DDC1570E6F7005E05CA /* Project object */ = {
			isa = PBXProject;
			attributes = {
				LastUpgradeCheck = 0420;
				ORGANIZATIONNAME = "Douglas Livingstone";
			};
			buildConfigurationList = A59E3DDF1570E6F7005E05CA /* Build configuration list for PBXProject "Wobblies" */;
			compatibilityVersion = "Xcode 3.2";
			developmentRegion = English;
			hasScannedForEncodings = 0;
			knownRegions = (
				en,
			);
			mainGroup = A59E3DDA1570E6F7005E05CA;
			productRefGroup = A59E3DE61570E6F7005E05CA /* Products */;
			projectDirPath = "";
			projectRoot = "";
			targets = (
				A59E3DE41570E6F7005E05CA /* Wobblies */,
				A59E3E081570E6F8005E05CA /* WobbliesTests */,
			);
		};
/* End PBXProject section */

/* Begin PBXResourcesBuildPhase section */
		A59E3DE31570E6F7005E05CA /* Resources */ = {
			isa = PBXResourcesBuildPhase;
			buildActionMask = 2147483647;
			files = (
				A59E3DF41570E6F7005E05CA /* InfoPlist.strings in Resources */,
				A59E3E001570E6F7005E05CA /* ViewController_iPhone.xib in Resources */,
				A59E3E031570E6F7005E05CA /* ViewController_iPad.xib in Resources */,
			);
			runOnlyForDeploymentPostprocessing = 0;
		};
		A59E3E061570E6F8005E05CA /* Resources */ = {
			isa = PBXResourcesBuildPhase;
			buildActionMask = 2147483647;
			files = (
				A59E3E151570E6F8005E05CA /* InfoPlist.strings in Resources */,
			);
			runOnlyForDeploymentPostprocessing = 0;
		};
/* End PBXResourcesBuildPhase section */

/* Begin PBXShellScriptBuildPhase section */
		A59E3E071570E6F8005E05CA /* ShellScript */ = {
			isa = PBXShellScriptBuildPhase;
			buildActionMask = 2147483647;
			files = (
			);
			inputPaths = (
			);
			outputPaths = (
			);
			runOnlyForDeploymentPostprocessing = 0;
			shellPath = /bin/sh;
			shellScript = "# Run the unit tests in this test bundle.\n\"${SYSTEM_DEVELOPER_DIR}/Tools/RunUnitTests\"\n";
		};
/* End PBXShellScriptBuildPhase section */

/* Begin PBXSourcesBuildPhase section */
		A59E3DE11570E6F7005E05CA /* Sources */ = {
			isa = PBXSourcesBuildPhase;
			buildActionMask = 2147483647;
			files = (
				A59E3DF61570E6F7005E05CA /* main.m in Sources */,
				A59E3DFA1570E6F7005E05CA /* AppDelegate.m in Sources */,
				A59E3DFD1570E6F7005E05CA /* ViewController.m in Sources */,
			);
			runOnlyForDeploymentPostprocessing = 0;
		};
		A59E3E041570E6F8005E05CA /* Sources */ = {
			isa = PBXSourcesBuildPhase;
			buildActionMask = 2147483647;
			files = (
				A59E3E181570E6F8005E05CA /* WobbliesTests.m in Sources */,
			);
			runOnlyForDeploymentPostprocessing = 0;
		};
/* End PBXSourcesBuildPhase section */

/* Begin PBXTargetDependency section */
		A59E3E0F1570E6F8005E05CA /* PBXTargetDependency */ = {
			isa = PBXTargetDependency;
			target = A59E3DE41570E6F7005E05CA /* Wobblies */;
			targetProxy = A59E3E0E1570E6F8005E05CA /* PBXContainerItemProxy */;
		};
/* End PBXTargetDependency section */

/* Begin PBXVariantGroup section */
		A59E3DF21570E6F7005E05CA /* InfoPlist.strings */ = {
			isa = PBXVariantGroup;
			children = (
				A59E3DF31570E6F7005E05CA /* en */,
			);
			name = InfoPlist.strings;
			sourceTree = "<group>";
		};
		A59E3DFE1570E6F7005E05CA /* ViewController_iPhone.xib */ = {
			isa = PBXVariantGroup;
			children = (
				A59E3DFF1570E6F7005E05CA /* en */,
			);
			name = ViewController_iPhone.xib;
			sourceTree = "<group>";
		};
		A59E3E011570E6F7005E05CA /* ViewController_iPad.xib */ = {
			isa = PBXVariantGroup;
			children = (
				A59E3E021570E6F7005E05CA /* en */,
			);
			name = ViewController_iPad.xib;
			sourceTree = "<group>";
		};
		A59E3E131570E6F8005E05CA /* InfoPlist.strings */ = {
			isa = PBXVariantGroup;
			children = (
				A59E3E141570E6F8005E05CA /* en */,
			);
			name = InfoPlist.strings;
			sourceTree = "<group>";
		};
/* End PBXVariantGroup section */

/* Begin XCBuildConfiguration section */
		A59E3E191570E6F8005E05CA /* Debug */ = {
			isa = XCBuildConfiguration;
			buildSettings = {
				ALWAYS_SEARCH_USER_PATHS = NO;
				ARCHS = (
					armv6,
					"$(ARCHS_STANDARD_32_BIT)",
				);
				CLANG_ENABLE_OBJC_ARC = YES;
				"CODE_SIGN_IDENTITY[sdk=iphoneos*]" = "iPhone Developer";
				COPY_PHASE_STRIP = NO;
				GCC_C_LANGUAGE_STANDARD = gnu99;
				GCC_DYNAMIC_NO_PIC = NO;
				GCC_OPTIMIZATION_LEVEL = 0;
				GCC_PREPROCESSOR_DEFINITIONS = (
					"DEBUG=1",
					"$(inherited)",
				);
				GCC_SYMBOLS_PRIVATE_EXTERN = NO;
				GCC_VERSION = com.apple.compilers.llvm.clang.1_0;
				GCC_WARN_ABOUT_MISSING_PROTOTYPES = YES;
				GCC_WARN_ABOUT_RETURN_TYPE = YES;
				GCC_WARN_UNUSED_VARIABLE = YES;
				IPHONEOS_DEPLOYMENT_TARGET = 4.2;
				SDKROOT = iphoneos;
				TARGETED_DEVICE_FAMILY = "1,2";
			};
			name = Debug;
		};
		A59E3E1A1570E6F8005E05CA /* Release */ = {
			isa = XCBuildConfiguration;
			buildSettings = {
				ALWAYS_SEARCH_USER_PATHS = NO;
				ARCHS = (
					armv6,
					"$(ARCHS_STANDARD_32_BIT)",
				);
				CLANG_ENABLE_OBJC_ARC = YES;
				"CODE_SIGN_IDENTITY[sdk=iphoneos*]" = "iPhone Developer";
				COPY_PHASE_STRIP = YES;
				GCC_C_LANGUAGE_STANDARD = gnu99;
				GCC_VERSION = com.apple.compilers.llvm.clang.1_0;
				GCC_WARN_ABOUT_MISSING_PROTOTYPES = YES;
				GCC_WARN_ABOUT_RETURN_TYPE = YES;
				GCC_WARN_UNUSED_VARIABLE = YES;
				IPHONEOS_DEPLOYMENT_TARGET = 4.2;
				OTHER_CFLAGS = "-DNS_BLOCK_ASSERTIONS=1";
				SDKROOT = iphoneos;
				TARGETED_DEVICE_FAMILY = "1,2";
				VALIDATE_PRODUCT = YES;
			};
			name = Release;
		};
		A59E3E1C1570E6F8005E05CA /* Debug */ = {
			isa = XCBuildConfiguration;
			buildSettings = {
				GCC_PRECOMPILE_PREFIX_HEADER = YES;
				GCC_PREFIX_HEADER = "Wobblies/Wobblies-Prefix.pch";
				INFOPLIST_FILE = "Wobblies/Wobblies-Info.plist";
				IPHONEOS_DEPLOYMENT_TARGET = 4.2;
				PRODUCT_NAME = "$(TARGET_NAME)";
				WRAPPER_EXTENSION = app;
			};
			name = Debug;
		};
		A59E3E1D1570E6F8005E05CA /* Release */ = {
			isa = XCBuildConfiguration;
			buildSettings = {
				GCC_PRECOMPILE_PREFIX_HEADER = YES;
				GCC_PREFIX_HEADER = "Wobblies/Wobblies-Prefix.pch";
				INFOPLIST_FILE = "Wobblies/Wobblies-Info.plist";
				IPHONEOS_DEPLOYMENT_TARGET = 4.2;
				PRODUCT_NAME = "$(TARGET_NAME)";
				WRAPPER_EXTENSION = app;
			};
			name = Release;
		};
		A59E3E1F1570E6F8005E05CA /* Debug */ = {
			isa = XCBuildConfiguration;
			buildSettings = {
				BUNDLE_LOADER = "$(BUILT_PRODUCTS_DIR)/Wobblies.app/Wobblies";
				FRAMEWORK_SEARCH_PATHS = (
					"$(SDKROOT)/Developer/Library/Frameworks",
					"$(DEVELOPER_LIBRARY_DIR)/Frameworks",
				);
				GCC_PRECOMPILE_PREFIX_HEADER = YES;
				GCC_PREFIX_HEADER = "Wobblies/Wobblies-Prefix.pch";
				INFOPLIST_FILE = "WobbliesTests/WobbliesTests-Info.plist";
				PRODUCT_NAME = "$(TARGET_NAME)";
				TEST_HOST = "$(BUNDLE_LOADER)";
				WRAPPER_EXTENSION = octest;
			};
			name = Debug;
		};
		A59E3E201570E6F8005E05CA /* Release */ = {
			isa = XCBuildConfiguration;
			buildSettings = {
				BUNDLE_LOADER = "$(BUILT_PRODUCTS_DIR)/Wobblies.app/Wobblies";
				FRAMEWORK_SEARCH_PATHS = (
					"$(SDKROOT)/Developer/Library/Frameworks",
					"$(DEVELOPER_LIBRARY_DIR)/Frameworks",
				);
				GCC_PRECOMPILE_PREFIX_HEADER = YES;
				GCC_PREFIX_HEADER = "Wobblies/Wobblies-Prefix.pch";
				INFOPLIST_FILE = "WobbliesTests/WobbliesTests-Info.plist";
				PRODUCT_NAME = "$(TARGET_NAME)";
				TEST_HOST = "$(BUNDLE_LOADER)";
				WRAPPER_EXTENSION = octest;
			};
			name = Release;
		};
/* End XCBuildConfiguration section */

/* Begin XCConfigurationList section */
		A59E3DDF1570E6F7005E05CA /* Build configuration list for PBXProject "Wobblies" */ = {
			isa = XCConfigurationList;
			buildConfigurations = (
				A59E3E191570E6F8005E05CA /* Debug */,
				A59E3E1A1570E6F8005E05CA /* Release */,
			);
			defaultConfigurationIsVisible = 0;
			defaultConfigurationName = Release;
		};
		A59E3E1B1570E6F8005E05CA /* Build configuration list for PBXNativeTarget "Wobblies" */ = {
			isa = XCConfigurationList;
			buildConfigurations = (
				A59E3E1C1570E6F8005E05CA /* Debug */,
				A59E3E1D1570E6F8005E05CA /* Release */,
			);
			defaultConfigurationIsVisible = 0;
		};
		A59E3E1E1570E6F8005E05CA /* Build configuration list for PBXNativeTarget "WobbliesTests" */ = {
			isa = XCConfigurationList;
			buildConfigurations = (
				A59E3E1F1570E6F8005E05CA /* Debug */,
				A59E3E201570E6F8005E05CA /* Release */,
			);
			defaultConfigurationIsVisible = 0;
		};
/* End XCConfigurationList section */
	};
	rootObject = A59E3DDC1570E6F7005E05CA /* Project object */;
}
