// !$*UTF8*$!
{
	archiveVersion = 1;
	classes = {
	};
	objectVersion = 46;
	objects = {

/* Begin PBXBuildFile section */
		A53ADE1A15711E5800C6E5BC /* Default.png in Resources */ = {isa = PBXBuildFile; fileRef = A53ADE1915711E5800C6E5BC /* Default.png */; };
		A53ADE1D15711E5B00C6E5BC /* Default@2x.png in Resources */ = {isa = PBXBuildFile; fileRef = A53ADE1C15711E5B00C6E5BC /* Default@2x.png */; };
		A53ADE2515711F1100C6E5BC /* Landing_Screen_Background.png in Resources */ = {isa = PBXBuildFile; fileRef = A53ADE2315711F1100C6E5BC /* Landing_Screen_Background.png */; };
		A53ADE2915711FEA00C6E5BC /* Landing_Screen_Button.png in Resources */ = {isa = PBXBuildFile; fileRef = A53ADE2815711FEA00C6E5BC /* Landing_Screen_Button.png */; };
		A5544A4D1571139F00D4C3B4 /* MobileCoreServices.framework in Frameworks */ = {isa = PBXBuildFile; fileRef = A5544A4C1571139F00D4C3B4 /* MobileCoreServices.framework */; };
		A56068561570F8F400830188 /* dummyImage.png in Resources */ = {isa = PBXBuildFile; fileRef = A56068551570F8F400830188 /* dummyImage.png */; };
		A560686C1570FB1F00830188 /* NSData+Base64.m in Sources */ = {isa = PBXBuildFile; fileRef = A560685B1570FB1F00830188 /* NSData+Base64.m */; };
		A560686D1570FB1F00830188 /* NSDate+RFC1123.m in Sources */ = {isa = PBXBuildFile; fileRef = A560685D1570FB1F00830188 /* NSDate+RFC1123.m */; };
		A560686E1570FB1F00830188 /* NSDictionary+RequestEncoding.m in Sources */ = {isa = PBXBuildFile; fileRef = A560685F1570FB1F00830188 /* NSDictionary+RequestEncoding.m */; };
		A560686F1570FB1F00830188 /* NSString+MKNetworkKitAdditions.m in Sources */ = {isa = PBXBuildFile; fileRef = A56068611570FB1F00830188 /* NSString+MKNetworkKitAdditions.m */; };
		A56068701570FB1F00830188 /* UIAlertView+MKNetworkKitAdditions.m in Sources */ = {isa = PBXBuildFile; fileRef = A56068631570FB1F00830188 /* UIAlertView+MKNetworkKitAdditions.m */; };
		A56068711570FB1F00830188 /* MKNetworkEngine.m in Sources */ = {isa = PBXBuildFile; fileRef = A56068651570FB1F00830188 /* MKNetworkEngine.m */; };
		A56068721570FB1F00830188 /* MKNetworkOperation.m in Sources */ = {isa = PBXBuildFile; fileRef = A56068681570FB1F00830188 /* MKNetworkOperation.m */; };
		A56068731570FB1F00830188 /* Reachability.m in Sources */ = {isa = PBXBuildFile; fileRef = A560686B1570FB1F00830188 /* Reachability.m */; };
		A56068761570FBB100830188 /* WobbleEngine.m in Sources */ = {isa = PBXBuildFile; fileRef = A56068751570FBB100830188 /* WobbleEngine.m */; };
		A560687D1570FEBB00830188 /* CFNetwork.framework in Frameworks */ = {isa = PBXBuildFile; fileRef = A560687A1570FEBB00830188 /* CFNetwork.framework */; };
		A560687E1570FEBB00830188 /* Security.framework in Frameworks */ = {isa = PBXBuildFile; fileRef = A560687B1570FEBB00830188 /* Security.framework */; };
		A560687F1570FEBB00830188 /* SystemConfiguration.framework in Frameworks */ = {isa = PBXBuildFile; fileRef = A560687C1570FEBB00830188 /* SystemConfiguration.framework */; };
		A59E3DEA1570E6F7005E05CA /* UIKit.framework in Frameworks */ = {isa = PBXBuildFile; fileRef = A59E3DE91570E6F7005E05CA /* UIKit.framework */; };
		A59E3DEC1570E6F7005E05CA /* Foundation.framework in Frameworks */ = {isa = PBXBuildFile; fileRef = A59E3DEB1570E6F7005E05CA /* Foundation.framework */; };
		A59E3DEE1570E6F7005E05CA /* CoreGraphics.framework in Frameworks */ = {isa = PBXBuildFile; fileRef = A59E3DED1570E6F7005E05CA /* CoreGraphics.framework */; };
		A59E3DF41570E6F7005E05CA /* InfoPlist.strings in Resources */ = {isa = PBXBuildFile; fileRef = A59E3DF21570E6F7005E05CA /* InfoPlist.strings */; };
		A59E3DF61570E6F7005E05CA /* main.m in Sources */ = {isa = PBXBuildFile; fileRef = A59E3DF51570E6F7005E05CA /* main.m */; };
		A59E3DFA1570E6F7005E05CA /* AppDelegate.m in Sources */ = {isa = PBXBuildFile; fileRef = A59E3DF91570E6F7005E05CA /* AppDelegate.m */; };
		A59E3DFD1570E6F7005E05CA /* ViewController.m in Sources */ = {isa = PBXBuildFile; fileRef = A59E3DFC1570E6F7005E05CA /* ViewController.m */; };
		A59E3E001570E6F7005E05CA /* ViewController.xib in Resources */ = {isa = PBXBuildFile; fileRef = A59E3DFE1570E6F7005E05CA /* ViewController.xib */; };
		A59E3E0B1570E6F8005E05CA /* SenTestingKit.framework in Frameworks */ = {isa = PBXBuildFile; fileRef = A59E3E0A1570E6F8005E05CA /* SenTestingKit.framework */; };
		A59E3E0C1570E6F8005E05CA /* UIKit.framework in Frameworks */ = {isa = PBXBuildFile; fileRef = A59E3DE91570E6F7005E05CA /* UIKit.framework */; };
		A59E3E0D1570E6F8005E05CA /* Foundation.framework in Frameworks */ = {isa = PBXBuildFile; fileRef = A59E3DEB1570E6F7005E05CA /* Foundation.framework */; };
		A59E3E151570E6F8005E05CA /* InfoPlist.strings in Resources */ = {isa = PBXBuildFile; fileRef = A59E3E131570E6F8005E05CA /* InfoPlist.strings */; };
		A59E3E181570E6F8005E05CA /* WobbliesTests.m in Sources */ = {isa = PBXBuildFile; fileRef = A59E3E171570E6F8005E05CA /* WobbliesTests.m */; };
/* End PBXBuildFile section */

/* Begin PBXContainerItemProxy section */
		A59E3E0E1570E6F8005E05CA /* PBXContainerItemProxy */ = {
			isa = PBXContainerItemProxy;
			containerPortal = A59E3DDC1570E6F7005E05CA /* Project object */;
			proxyType = 1;
			remoteGlobalIDString = A59E3DE41570E6F7005E05CA;
			remoteInfo = Wobblies;
		};
/* End PBXContainerItemProxy section */

/* Begin PBXFileReference section */
		A53ADE1915711E5800C6E5BC /* Default.png */ = {isa = PBXFileReference; lastKnownFileType = image.png; name = Default.png; path = ../Default.png; sourceTree = "<group>"; };
		A53ADE1C15711E5B00C6E5BC /* Default@2x.png */ = {isa = PBXFileReference; lastKnownFileType = image.png; name = "Default@2x.png"; path = "../Default@2x.png"; sourceTree = "<group>"; };
		A53ADE2315711F1100C6E5BC /* Landing_Screen_Background.png */ = {isa = PBXFileReference; lastKnownFileType = image.png; path = Landing_Screen_Background.png; sourceTree = "<group>"; };
		A53ADE2815711FEA00C6E5BC /* Landing_Screen_Button.png */ = {isa = PBXFileReference; lastKnownFileType = image.png; path = Landing_Screen_Button.png; sourceTree = "<group>"; };
		A5544A4C1571139F00D4C3B4 /* MobileCoreServices.framework */ = {isa = PBXFileReference; lastKnownFileType = wrapper.framework; name = MobileCoreServices.framework; path = System/Library/Frameworks/MobileCoreServices.framework; sourceTree = SDKROOT; };
		A56068551570F8F400830188 /* dummyImage.png */ = {isa = PBXFileReference; lastKnownFileType = image.png; path = dummyImage.png; sourceTree = "<group>"; };
		A560685A1570FB1F00830188 /* NSData+Base64.h */ = {isa = PBXFileReference; fileEncoding = 4; lastKnownFileType = sourcecode.c.h; path = "NSData+Base64.h"; sourceTree = "<group>"; };
		A560685B1570FB1F00830188 /* NSData+Base64.m */ = {isa = PBXFileReference; fileEncoding = 4; lastKnownFileType = sourcecode.c.objc; path = "NSData+Base64.m"; sourceTree = "<group>"; };
		A560685C1570FB1F00830188 /* NSDate+RFC1123.h */ = {isa = PBXFileReference; fileEncoding = 4; lastKnownFileType = sourcecode.c.h; path = "NSDate+RFC1123.h"; sourceTree = "<group>"; };
		A560685D1570FB1F00830188 /* NSDate+RFC1123.m */ = {isa = PBXFileReference; fileEncoding = 4; lastKnownFileType = sourcecode.c.objc; path = "NSDate+RFC1123.m"; sourceTree = "<group>"; };
		A560685E1570FB1F00830188 /* NSDictionary+RequestEncoding.h */ = {isa = PBXFileReference; fileEncoding = 4; lastKnownFileType = sourcecode.c.h; path = "NSDictionary+RequestEncoding.h"; sourceTree = "<group>"; };
		A560685F1570FB1F00830188 /* NSDictionary+RequestEncoding.m */ = {isa = PBXFileReference; fileEncoding = 4; lastKnownFileType = sourcecode.c.objc; path = "NSDictionary+RequestEncoding.m"; sourceTree = "<group>"; };
		A56068601570FB1F00830188 /* NSString+MKNetworkKitAdditions.h */ = {isa = PBXFileReference; fileEncoding = 4; lastKnownFileType = sourcecode.c.h; path = "NSString+MKNetworkKitAdditions.h"; sourceTree = "<group>"; };
		A56068611570FB1F00830188 /* NSString+MKNetworkKitAdditions.m */ = {isa = PBXFileReference; fileEncoding = 4; lastKnownFileType = sourcecode.c.objc; path = "NSString+MKNetworkKitAdditions.m"; sourceTree = "<group>"; };
		A56068621570FB1F00830188 /* UIAlertView+MKNetworkKitAdditions.h */ = {isa = PBXFileReference; fileEncoding = 4; lastKnownFileType = sourcecode.c.h; path = "UIAlertView+MKNetworkKitAdditions.h"; sourceTree = "<group>"; };
		A56068631570FB1F00830188 /* UIAlertView+MKNetworkKitAdditions.m */ = {isa = PBXFileReference; fileEncoding = 4; lastKnownFileType = sourcecode.c.objc; path = "UIAlertView+MKNetworkKitAdditions.m"; sourceTree = "<group>"; };
		A56068641570FB1F00830188 /* MKNetworkEngine.h */ = {isa = PBXFileReference; fileEncoding = 4; lastKnownFileType = sourcecode.c.h; path = MKNetworkEngine.h; sourceTree = "<group>"; };
		A56068651570FB1F00830188 /* MKNetworkEngine.m */ = {isa = PBXFileReference; fileEncoding = 4; lastKnownFileType = sourcecode.c.objc; path = MKNetworkEngine.m; sourceTree = "<group>"; };
		A56068661570FB1F00830188 /* MKNetworkKit.h */ = {isa = PBXFileReference; fileEncoding = 4; lastKnownFileType = sourcecode.c.h; path = MKNetworkKit.h; sourceTree = "<group>"; };
		A56068671570FB1F00830188 /* MKNetworkOperation.h */ = {isa = PBXFileReference; fileEncoding = 4; lastKnownFileType = sourcecode.c.h; path = MKNetworkOperation.h; sourceTree = "<group>"; };
		A56068681570FB1F00830188 /* MKNetworkOperation.m */ = {isa = PBXFileReference; fileEncoding = 4; lastKnownFileType = sourcecode.c.objc; path = MKNetworkOperation.m; sourceTree = "<group>"; };
		A560686A1570FB1F00830188 /* Reachability.h */ = {isa = PBXFileReference; fileEncoding = 4; lastKnownFileType = sourcecode.c.h; path = Reachability.h; sourceTree = "<group>"; };
		A560686B1570FB1F00830188 /* Reachability.m */ = {isa = PBXFileReference; fileEncoding = 4; lastKnownFileType = sourcecode.c.objc; path = Reachability.m; sourceTree = "<group>"; };
		A56068741570FBB100830188 /* WobbleEngine.h */ = {isa = PBXFileReference; fileEncoding = 4; lastKnownFileType = sourcecode.c.h; path = WobbleEngine.h; sourceTree = "<group>"; };
		A56068751570FBB100830188 /* WobbleEngine.m */ = {isa = PBXFileReference; fileEncoding = 4; lastKnownFileType = sourcecode.c.objc; path = WobbleEngine.m; sourceTree = "<group>"; };
		A560687A1570FEBB00830188 /* CFNetwork.framework */ = {isa = PBXFileReference; lastKnownFileType = wrapper.framework; name = CFNetwork.framework; path = System/Library/Frameworks/CFNetwork.framework; sourceTree = SDKROOT; };
		A560687B1570FEBB00830188 /* Security.framework */ = {isa = PBXFileReference; lastKnownFileType = wrapper.framework; name = Security.framework; path = System/Library/Frameworks/Security.framework; sourceTree = SDKROOT; };
		A560687C1570FEBB00830188 /* SystemConfiguration.framework */ = {isa = PBXFileReference; lastKnownFileType = wrapper.framework; name = SystemConfiguration.framework; path = System/Library/Frameworks/SystemConfiguration.framework; sourceTree = SDKROOT; };
		A59E3DE51570E6F7005E05CA /* Wobblies.app */ = {isa = PBXFileReference; explicitFileType = wrapper.application; includeInIndex = 0; path = Wobblies.app; sourceTree = BUILT_PRODUCTS_DIR; };
		A59E3DE91570E6F7005E05CA /* UIKit.framework */ = {isa = PBXFileReference; lastKnownFileType = wrapper.framework; name = UIKit.framework; path = System/Library/Frameworks/UIKit.framework; sourceTree = SDKROOT; };
		A59E3DEB1570E6F7005E05CA /* Foundation.framework */ = {isa = PBXFileReference; lastKnownFileType = wrapper.framework; name = Foundation.framework; path = System/Library/Frameworks/Foundation.framework; sourceTree = SDKROOT; };
		A59E3DED1570E6F7005E05CA /* CoreGraphics.framework */ = {isa = PBXFileReference; lastKnownFileType = wrapper.framework; name = CoreGraphics.framework; path = System/Library/Frameworks/CoreGraphics.framework; sourceTree = SDKROOT; };
		A59E3DF11570E6F7005E05CA /* Wobblies-Info.plist */ = {isa = PBXFileReference; lastKnownFileType = text.plist.xml; path = "Wobblies-Info.plist"; sourceTree = "<group>"; };
		A59E3DF31570E6F7005E05CA /* en */ = {isa = PBXFileReference; lastKnownFileType = text.plist.strings; name = en; path = en.lproj/InfoPlist.strings; sourceTree = "<group>"; };
		A59E3DF51570E6F7005E05CA /* main.m */ = {isa = PBXFileReference; lastKnownFileType = sourcecode.c.objc; path = main.m; sourceTree = "<group>"; };
		A59E3DF71570E6F7005E05CA /* Wobblies-Prefix.pch */ = {isa = PBXFileReference; lastKnownFileType = sourcecode.c.h; path = "Wobblies-Prefix.pch"; sourceTree = "<group>"; };
		A59E3DF81570E6F7005E05CA /* AppDelegate.h */ = {isa = PBXFileReference; lastKnownFileType = sourcecode.c.h; path = AppDelegate.h; sourceTree = "<group>"; };
		A59E3DF91570E6F7005E05CA /* AppDelegate.m */ = {isa = PBXFileReference; lastKnownFileType = sourcecode.c.objc; path = AppDelegate.m; sourceTree = "<group>"; };
		A59E3DFB1570E6F7005E05CA /* ViewController.h */ = {isa = PBXFileReference; lastKnownFileType = sourcecode.c.h; path = ViewController.h; sourceTree = "<group>"; };
		A59E3DFC1570E6F7005E05CA /* ViewController.m */ = {isa = PBXFileReference; lastKnownFileType = sourcecode.c.objc; path = ViewController.m; sourceTree = "<group>"; };
		A59E3DFF1570E6F7005E05CA /* en */ = {isa = PBXFileReference; lastKnownFileType = file.xib; name = en; path = en.lproj/ViewController.xib; sourceTree = "<group>"; };
		A59E3E091570E6F8005E05CA /* WobbliesTests.octest */ = {isa = PBXFileReference; explicitFileType = wrapper.cfbundle; includeInIndex = 0; path = WobbliesTests.octest; sourceTree = BUILT_PRODUCTS_DIR; };
		A59E3E0A1570E6F8005E05CA /* SenTestingKit.framework */ = {isa = PBXFileReference; lastKnownFileType = wrapper.framework; name = SenTestingKit.framework; path = Library/Frameworks/SenTestingKit.framework; sourceTree = DEVELOPER_DIR; };
		A59E3E121570E6F8005E05CA /* WobbliesTests-Info.plist */ = {isa = PBXFileReference; lastKnownFileType = text.plist.xml; path = "WobbliesTests-Info.plist"; sourceTree = "<group>"; };
		A59E3E141570E6F8005E05CA /* en */ = {isa = PBXFileReference; lastKnownFileType = text.plist.strings; name = en; path = en.lproj/InfoPlist.strings; sourceTree = "<group>"; };
		A59E3E161570E6F8005E05CA /* WobbliesTests.h */ = {isa = PBXFileReference; lastKnownFileType = sourcecode.c.h; path = WobbliesTests.h; sourceTree = "<group>"; };
		A59E3E171570E6F8005E05CA /* WobbliesTests.m */ = {isa = PBXFileReference; lastKnownFileType = sourcecode.c.objc; path = WobbliesTests.m; sourceTree = "<group>"; };
/* End PBXFileReference section */

/* Begin PBXFrameworksBuildPhase section */
		A59E3DE21570E6F7005E05CA /* Frameworks */ = {
			isa = PBXFrameworksBuildPhase;
			buildActionMask = 2147483647;
			files = (
				A5544A4D1571139F00D4C3B4 /* MobileCoreServices.framework in Frameworks */,
				A560687D1570FEBB00830188 /* CFNetwork.framework in Frameworks */,
				A560687E1570FEBB00830188 /* Security.framework in Frameworks */,
				A560687F1570FEBB00830188 /* SystemConfiguration.framework in Frameworks */,
				A59E3DEA1570E6F7005E05CA /* UIKit.framework in Frameworks */,
				A59E3DEC1570E6F7005E05CA /* Foundation.framework in Frameworks */,
				A59E3DEE1570E6F7005E05CA /* CoreGraphics.framework in Frameworks */,
			);
			runOnlyForDeploymentPostprocessing = 0;
		};
		A59E3E051570E6F8005E05CA /* Frameworks */ = {
			isa = PBXFrameworksBuildPhase;
			buildActionMask = 2147483647;
			files = (
				A59E3E0B1570E6F8005E05CA /* SenTestingKit.framework in Frameworks */,
				A59E3E0C1570E6F8005E05CA /* UIKit.framework in Frameworks */,
				A59E3E0D1570E6F8005E05CA /* Foundation.framework in Frameworks */,
			);
			runOnlyForDeploymentPostprocessing = 0;
		};
/* End PBXFrameworksBuildPhase section */

/* Begin PBXGroup section */
		A53ADE1E15711E9800C6E5BC /* Assets */ = {
			isa = PBXGroup;
			children = (
				A53ADE2315711F1100C6E5BC /* Landing_Screen_Background.png */,
				A53ADE2815711FEA00C6E5BC /* Landing_Screen_Button.png */,
				A53ADE1C15711E5B00C6E5BC /* Default@2x.png */,
				A53ADE1915711E5800C6E5BC /* Default.png */,
			);
			name = Assets;
			sourceTree = "<group>";
		};
		A56068571570FB1F00830188 /* Lib */ = {
			isa = PBXGroup;
			children = (
				A56068581570FB1F00830188 /* MKNetworkKit */,
			);
			path = Lib;
			sourceTree = "<group>";
		};
		A56068581570FB1F00830188 /* MKNetworkKit */ = {
			isa = PBXGroup;
			children = (
				A56068591570FB1F00830188 /* Categories */,
				A56068641570FB1F00830188 /* MKNetworkEngine.h */,
				A56068651570FB1F00830188 /* MKNetworkEngine.m */,
				A56068661570FB1F00830188 /* MKNetworkKit.h */,
				A56068671570FB1F00830188 /* MKNetworkOperation.h */,
				A56068681570FB1F00830188 /* MKNetworkOperation.m */,
				A56068691570FB1F00830188 /* Reachability */,
			);
			path = MKNetworkKit;
			sourceTree = "<group>";
		};
		A56068591570FB1F00830188 /* Categories */ = {
			isa = PBXGroup;
			children = (
				A560685A1570FB1F00830188 /* NSData+Base64.h */,
				A560685B1570FB1F00830188 /* NSData+Base64.m */,
				A560685C1570FB1F00830188 /* NSDate+RFC1123.h */,
				A560685D1570FB1F00830188 /* NSDate+RFC1123.m */,
				A560685E1570FB1F00830188 /* NSDictionary+RequestEncoding.h */,
				A560685F1570FB1F00830188 /* NSDictionary+RequestEncoding.m */,
				A56068601570FB1F00830188 /* NSString+MKNetworkKitAdditions.h */,
				A56068611570FB1F00830188 /* NSString+MKNetworkKitAdditions.m */,
				A56068621570FB1F00830188 /* UIAlertView+MKNetworkKitAdditions.h */,
				A56068631570FB1F00830188 /* UIAlertView+MKNetworkKitAdditions.m */,
			);
			path = Categories;
			sourceTree = "<group>";
		};
		A56068691570FB1F00830188 /* Reachability */ = {
			isa = PBXGroup;
			children = (
				A560686A1570FB1F00830188 /* Reachability.h */,
				A560686B1570FB1F00830188 /* Reachability.m */,
			);
			path = Reachability;
			sourceTree = "<group>";
		};
		A59E3DDA1570E6F7005E05CA = {
			isa = PBXGroup;
			children = (
				A59E3DEF1570E6F7005E05CA /* Wobblies */,
				A59E3E101570E6F8005E05CA /* WobbliesTests */,
				A59E3DE81570E6F7005E05CA /* Frameworks */,
				A59E3DE61570E6F7005E05CA /* Products */,
			);
			sourceTree = "<group>";
		};
		A59E3DE61570E6F7005E05CA /* Products */ = {
			isa = PBXGroup;
			children = (
				A59E3DE51570E6F7005E05CA /* Wobblies.app */,
				A59E3E091570E6F8005E05CA /* WobbliesTests.octest */,
			);
			name = Products;
			sourceTree = "<group>";
		};
		A59E3DE81570E6F7005E05CA /* Frameworks */ = {
			isa = PBXGroup;
			children = (
				A5544A4C1571139F00D4C3B4 /* MobileCoreServices.framework */,
				A560687A1570FEBB00830188 /* CFNetwork.framework */,
				A560687B1570FEBB00830188 /* Security.framework */,
				A560687C1570FEBB00830188 /* SystemConfiguration.framework */,
				A59E3DE91570E6F7005E05CA /* UIKit.framework */,
				A59E3DEB1570E6F7005E05CA /* Foundation.framework */,
				A59E3DED1570E6F7005E05CA /* CoreGraphics.framework */,
				A59E3E0A1570E6F8005E05CA /* SenTestingKit.framework */,
			);
			name = Frameworks;
			sourceTree = "<group>";
		};
		A59E3DEF1570E6F7005E05CA /* Wobblies */ = {
			isa = PBXGroup;
			children = (
				A53ADE1E15711E9800C6E5BC /* Assets */,
				A56068571570FB1F00830188 /* Lib */,
				A56068551570F8F400830188 /* dummyImage.png */,
				A59E3DF81570E6F7005E05CA /* AppDelegate.h */,
				A59E3DF91570E6F7005E05CA /* AppDelegate.m */,
				A59E3DFB1570E6F7005E05CA /* ViewController.h */,
				A59E3DFC1570E6F7005E05CA /* ViewController.m */,
				A59E3DFE1570E6F7005E05CA /* ViewController.xib */,
				A56068741570FBB100830188 /* WobbleEngine.h */,
				A56068751570FBB100830188 /* WobbleEngine.m */,
				A59E3DF01570E6F7005E05CA /* Supporting Files */,
			);
			path = Wobblies;
			sourceTree = "<group>";
		};
		A59E3DF01570E6F7005E05CA /* Supporting Files */ = {
			isa = PBXGroup;
			children = (
				A59E3DF11570E6F7005E05CA /* Wobblies-Info.plist */,
				A59E3DF21570E6F7005E05CA /* InfoPlist.strings */,
				A59E3DF51570E6F7005E05CA /* main.m */,
				A59E3DF71570E6F7005E05CA /* Wobblies-Prefix.pch */,
			);
			name = "Supporting Files";
			sourceTree = "<group>";
		};
		A59E3E101570E6F8005E05CA /* WobbliesTests */ = {
			isa = PBXGroup;
			children = (
				A59E3E161570E6F8005E05CA /* WobbliesTests.h */,
				A59E3E171570E6F8005E05CA /* WobbliesTests.m */,
				A59E3E111570E6F8005E05CA /* Supporting Files */,
			);
			path = WobbliesTests;
			sourceTree = "<group>";
		};
		A59E3E111570E6F8005E05CA /* Supporting Files */ = {
			isa = PBXGroup;
			children = (
				A59E3E121570E6F8005E05CA /* WobbliesTests-Info.plist */,
				A59E3E131570E6F8005E05CA /* InfoPlist.strings */,
			);
			name = "Supporting Files";
			sourceTree = "<group>";
		};
/* End PBXGroup section */

/* Begin PBXNativeTarget section */
		A59E3DE41570E6F7005E05CA /* Wobblies */ = {
			isa = PBXNativeTarget;
			buildConfigurationList = A59E3E1B1570E6F8005E05CA /* Build configuration list for PBXNativeTarget "Wobblies" */;
			buildPhases = (
				A59E3DE11570E6F7005E05CA /* Sources */,
				A59E3DE21570E6F7005E05CA /* Frameworks */,
				A59E3DE31570E6F7005E05CA /* Resources */,
			);
			buildRules = (
			);
			dependencies = (
			);
			name = Wobblies;
			productName = Wobblies;
			productReference = A59E3DE51570E6F7005E05CA /* Wobblies.app */;
			productType = "com.apple.product-type.application";
		};
		A59E3E081570E6F8005E05CA /* WobbliesTests */ = {
			isa = PBXNativeTarget;
			buildConfigurationList = A59E3E1E1570E6F8005E05CA /* Build configuration list for PBXNativeTarget "WobbliesTests" */;
			buildPhases = (
				A59E3E041570E6F8005E05CA /* Sources */,
				A59E3E051570E6F8005E05CA /* Frameworks */,
				A59E3E061570E6F8005E05CA /* Resources */,
				A59E3E071570E6F8005E05CA /* ShellScript */,
			);
			buildRules = (
			);
			dependencies = (
				A59E3E0F1570E6F8005E05CA /* PBXTargetDependency */,
			);
			name = WobbliesTests;
			productName = WobbliesTests;
			productReference = A59E3E091570E6F8005E05CA /* WobbliesTests.octest */;
			productType = "com.apple.product-type.bundle";
		};
/* End PBXNativeTarget section */

/* Begin PBXProject section */
		A59E3DDC1570E6F7005E05CA /* Project object */ = {
			isa = PBXProject;
			attributes = {
				LastUpgradeCheck = 0420;
				ORGANIZATIONNAME = "Douglas Livingstone";
			};
			buildConfigurationList = A59E3DDF1570E6F7005E05CA /* Build configuration list for PBXProject "Wobblies" */;
			compatibilityVersion = "Xcode 3.2";
			developmentRegion = English;
			hasScannedForEncodings = 0;
			knownRegions = (
				en,
			);
			mainGroup = A59E3DDA1570E6F7005E05CA;
			productRefGroup = A59E3DE61570E6F7005E05CA /* Products */;
			projectDirPath = "";
			projectRoot = "";
			targets = (
				A59E3DE41570E6F7005E05CA /* Wobblies */,
				A59E3E081570E6F8005E05CA /* WobbliesTests */,
			);
		};
/* End PBXProject section */

/* Begin PBXResourcesBuildPhase section */
		A59E3DE31570E6F7005E05CA /* Resources */ = {
			isa = PBXResourcesBuildPhase;
			buildActionMask = 2147483647;
			files = (
				A59E3DF41570E6F7005E05CA /* InfoPlist.strings in Resources */,
				A59E3E001570E6F7005E05CA /* ViewController.xib in Resources */,
				A56068561570F8F400830188 /* dummyImage.png in Resources */,
				A53ADE1A15711E5800C6E5BC /* Default.png in Resources */,
				A53ADE1D15711E5B00C6E5BC /* Default@2x.png in Resources */,
				A53ADE2515711F1100C6E5BC /* Landing_Screen_Background.png in Resources */,
				A53ADE2915711FEA00C6E5BC /* Landing_Screen_Button.png in Resources */,
			);
			runOnlyForDeploymentPostprocessing = 0;
		};
		A59E3E061570E6F8005E05CA /* Resources */ = {
			isa = PBXResourcesBuildPhase;
			buildActionMask = 2147483647;
			files = (
				A59E3E151570E6F8005E05CA /* InfoPlist.strings in Resources */,
			);
			runOnlyForDeploymentPostprocessing = 0;
		};
/* End PBXResourcesBuildPhase section */

/* Begin PBXShellScriptBuildPhase section */
		A59E3E071570E6F8005E05CA /* ShellScript */ = {
			isa = PBXShellScriptBuildPhase;
			buildActionMask = 2147483647;
			files = (
			);
			inputPaths = (
			);
			outputPaths = (
			);
			runOnlyForDeploymentPostprocessing = 0;
			shellPath = /bin/sh;
			shellScript = "# Run the unit tests in this test bundle.\n\"${SYSTEM_DEVELOPER_DIR}/Tools/RunUnitTests\"\n";
		};
/* End PBXShellScriptBuildPhase section */

/* Begin PBXSourcesBuildPhase section */
		A59E3DE11570E6F7005E05CA /* Sources */ = {
			isa = PBXSourcesBuildPhase;
			buildActionMask = 2147483647;
			files = (
				A59E3DF61570E6F7005E05CA /* main.m in Sources */,
				A59E3DFA1570E6F7005E05CA /* AppDelegate.m in Sources */,
				A59E3DFD1570E6F7005E05CA /* ViewController.m in Sources */,
				A560686C1570FB1F00830188 /* NSData+Base64.m in Sources */,
				A560686D1570FB1F00830188 /* NSDate+RFC1123.m in Sources */,
				A560686E1570FB1F00830188 /* NSDictionary+RequestEncoding.m in Sources */,
				A560686F1570FB1F00830188 /* NSString+MKNetworkKitAdditions.m in Sources */,
				A56068701570FB1F00830188 /* UIAlertView+MKNetworkKitAdditions.m in Sources */,
				A56068711570FB1F00830188 /* MKNetworkEngine.m in Sources */,
				A56068721570FB1F00830188 /* MKNetworkOperation.m in Sources */,
				A56068731570FB1F00830188 /* Reachability.m in Sources */,
				A56068761570FBB100830188 /* WobbleEngine.m in Sources */,
			);
			runOnlyForDeploymentPostprocessing = 0;
		};
		A59E3E041570E6F8005E05CA /* Sources */ = {
			isa = PBXSourcesBuildPhase;
			buildActionMask = 2147483647;
			files = (
				A59E3E181570E6F8005E05CA /* WobbliesTests.m in Sources */,
			);
			runOnlyForDeploymentPostprocessing = 0;
		};
/* End PBXSourcesBuildPhase section */

/* Begin PBXTargetDependency section */
		A59E3E0F1570E6F8005E05CA /* PBXTargetDependency */ = {
			isa = PBXTargetDependency;
			target = A59E3DE41570E6F7005E05CA /* Wobblies */;
			targetProxy = A59E3E0E1570E6F8005E05CA /* PBXContainerItemProxy */;
		};
/* End PBXTargetDependency section */

/* Begin PBXVariantGroup section */
		A59E3DF21570E6F7005E05CA /* InfoPlist.strings */ = {
			isa = PBXVariantGroup;
			children = (
				A59E3DF31570E6F7005E05CA /* en */,
			);
			name = InfoPlist.strings;
			sourceTree = "<group>";
		};
		A59E3DFE1570E6F7005E05CA /* ViewController.xib */ = {
			isa = PBXVariantGroup;
			children = (
				A59E3DFF1570E6F7005E05CA /* en */,
			);
			name = ViewController.xib;
			sourceTree = "<group>";
		};
		A59E3E131570E6F8005E05CA /* InfoPlist.strings */ = {
			isa = PBXVariantGroup;
			children = (
				A59E3E141570E6F8005E05CA /* en */,
			);
			name = InfoPlist.strings;
			sourceTree = "<group>";
		};
/* End PBXVariantGroup section */

/* Begin XCBuildConfiguration section */
		A59E3E191570E6F8005E05CA /* Debug */ = {
			isa = XCBuildConfiguration;
			buildSettings = {
				ALWAYS_SEARCH_USER_PATHS = NO;
				ARCHS = (
					armv6,
					"$(ARCHS_STANDARD_32_BIT)",
				);
				CLANG_ENABLE_OBJC_ARC = YES;
				"CODE_SIGN_IDENTITY[sdk=iphoneos*]" = "iPhone Developer";
				COPY_PHASE_STRIP = NO;
				GCC_C_LANGUAGE_STANDARD = gnu99;
				GCC_DYNAMIC_NO_PIC = NO;
				GCC_OPTIMIZATION_LEVEL = 0;
				GCC_PREPROCESSOR_DEFINITIONS = (
					"DEBUG=1",
					"$(inherited)",
				);
				GCC_SYMBOLS_PRIVATE_EXTERN = NO;
				GCC_VERSION = com.apple.compilers.llvm.clang.1_0;
				GCC_WARN_ABOUT_MISSING_PROTOTYPES = YES;
				GCC_WARN_ABOUT_RETURN_TYPE = YES;
				GCC_WARN_UNUSED_VARIABLE = YES;
				IPHONEOS_DEPLOYMENT_TARGET = 4.2;
				SDKROOT = iphoneos;
				TARGETED_DEVICE_FAMILY = "1,2";
			};
			name = Debug;
		};
		A59E3E1A1570E6F8005E05CA /* Release */ = {
			isa = XCBuildConfiguration;
			buildSettings = {
				ALWAYS_SEARCH_USER_PATHS = NO;
				ARCHS = (
					armv6,
					"$(ARCHS_STANDARD_32_BIT)",
				);
				CLANG_ENABLE_OBJC_ARC = YES;
				"CODE_SIGN_IDENTITY[sdk=iphoneos*]" = "iPhone Developer";
				COPY_PHASE_STRIP = YES;
				GCC_C_LANGUAGE_STANDARD = gnu99;
				GCC_VERSION = com.apple.compilers.llvm.clang.1_0;
				GCC_WARN_ABOUT_MISSING_PROTOTYPES = YES;
				GCC_WARN_ABOUT_RETURN_TYPE = YES;
				GCC_WARN_UNUSED_VARIABLE = YES;
				IPHONEOS_DEPLOYMENT_TARGET = 4.2;
				OTHER_CFLAGS = "-DNS_BLOCK_ASSERTIONS=1";
				SDKROOT = iphoneos;
				TARGETED_DEVICE_FAMILY = "1,2";
				VALIDATE_PRODUCT = YES;
			};
			name = Release;
		};
		A59E3E1C1570E6F8005E05CA /* Debug */ = {
			isa = XCBuildConfiguration;
			buildSettings = {
				GCC_PRECOMPILE_PREFIX_HEADER = YES;
				GCC_PREFIX_HEADER = "Wobblies/Wobblies-Prefix.pch";
				INFOPLIST_FILE = "Wobblies/Wobblies-Info.plist";
				IPHONEOS_DEPLOYMENT_TARGET = 4.2;
				PRODUCT_NAME = "$(TARGET_NAME)";
				WRAPPER_EXTENSION = app;
			};
			name = Debug;
		};
		A59E3E1D1570E6F8005E05CA /* Release */ = {
			isa = XCBuildConfiguration;
			buildSettings = {
				GCC_PRECOMPILE_PREFIX_HEADER = YES;
				GCC_PREFIX_HEADER = "Wobblies/Wobblies-Prefix.pch";
				INFOPLIST_FILE = "Wobblies/Wobblies-Info.plist";
				IPHONEOS_DEPLOYMENT_TARGET = 4.2;
				PRODUCT_NAME = "$(TARGET_NAME)";
				WRAPPER_EXTENSION = app;
			};
			name = Release;
		};
		A59E3E1F1570E6F8005E05CA /* Debug */ = {
			isa = XCBuildConfiguration;
			buildSettings = {
				BUNDLE_LOADER = "$(BUILT_PRODUCTS_DIR)/Wobblies.app/Wobblies";
				FRAMEWORK_SEARCH_PATHS = (
					"$(SDKROOT)/Developer/Library/Frameworks",
					"$(DEVELOPER_LIBRARY_DIR)/Frameworks",
				);
				GCC_PRECOMPILE_PREFIX_HEADER = YES;
				GCC_PREFIX_HEADER = "Wobblies/Wobblies-Prefix.pch";
				INFOPLIST_FILE = "WobbliesTests/WobbliesTests-Info.plist";
				PRODUCT_NAME = "$(TARGET_NAME)";
				TEST_HOST = "$(BUNDLE_LOADER)";
				WRAPPER_EXTENSION = octest;
			};
			name = Debug;
		};
		A59E3E201570E6F8005E05CA /* Release */ = {
			isa = XCBuildConfiguration;
			buildSettings = {
				BUNDLE_LOADER = "$(BUILT_PRODUCTS_DIR)/Wobblies.app/Wobblies";
				FRAMEWORK_SEARCH_PATHS = (
					"$(SDKROOT)/Developer/Library/Frameworks",
					"$(DEVELOPER_LIBRARY_DIR)/Frameworks",
				);
				GCC_PRECOMPILE_PREFIX_HEADER = YES;
				GCC_PREFIX_HEADER = "Wobblies/Wobblies-Prefix.pch";
				INFOPLIST_FILE = "WobbliesTests/WobbliesTests-Info.plist";
				PRODUCT_NAME = "$(TARGET_NAME)";
				TEST_HOST = "$(BUNDLE_LOADER)";
				WRAPPER_EXTENSION = octest;
			};
			name = Release;
		};
/* End XCBuildConfiguration section */

/* Begin XCConfigurationList section */
		A59E3DDF1570E6F7005E05CA /* Build configuration list for PBXProject "Wobblies" */ = {
			isa = XCConfigurationList;
			buildConfigurations = (
				A59E3E191570E6F8005E05CA /* Debug */,
				A59E3E1A1570E6F8005E05CA /* Release */,
			);
			defaultConfigurationIsVisible = 0;
			defaultConfigurationName = Release;
		};
		A59E3E1B1570E6F8005E05CA /* Build configuration list for PBXNativeTarget "Wobblies" */ = {
			isa = XCConfigurationList;
			buildConfigurations = (
				A59E3E1C1570E6F8005E05CA /* Debug */,
				A59E3E1D1570E6F8005E05CA /* Release */,
			);
			defaultConfigurationIsVisible = 0;
			defaultConfigurationName = Release;
		};
		A59E3E1E1570E6F8005E05CA /* Build configuration list for PBXNativeTarget "WobbliesTests" */ = {
			isa = XCConfigurationList;
			buildConfigurations = (
				A59E3E1F1570E6F8005E05CA /* Debug */,
				A59E3E201570E6F8005E05CA /* Release */,
			);
			defaultConfigurationIsVisible = 0;
			defaultConfigurationName = Release;
		};
/* End XCConfigurationList section */
	};
	rootObject = A59E3DDC1570E6F7005E05CA /* Project object */;
}
